github.com/FortAwesome/Font-Awesome v0.0.0-20241216213156-af620534bfc3 h1:/iluJkJiyTAdnqrw3Yi9rH2HNHhrrtCmj8VJe7I6o3w=
github.com/FortAwesome/Font-Awesome v0.0.0-20241216213156-af620534bfc3/go.mod h1:IUgezN/MFpCDIlFezw3L8j83oeiIuYoj28Miwr/KUYo=
github.com/layer5io/academy-theme v0.1.23 h1:usS0IaPSYqZ62r5SsFbQT8gk7mlRgsGBdcTpxPoXmlE=
github.com/layer5io/academy-theme v0.1.23/go.mod h1:Dv72UWsREOvX4Zg4mJjrpoyDxdgxxpiDotxqYBXMjXo=
github.com/layer5io/academy-theme v0.1.24 h1:iz1LUC8OCiqQ1+tb/Mb2aplpipINAUWvuVowEm8SosE=
github.com/layer5io/academy-theme v0.1.24/go.mod h1:Dv72UWsREOvX4Zg4mJjrpoyDxdgxxpiDotxqYBXMjXo=
github.com/layer5io/academy-theme v0.1.25 h1:2yC9gunWtWoPNdVqhEEBOoIdHKI6hpjPhsoA+Uxd7hY=
github.com/layer5io/academy-theme v0.1.25/go.mod h1:Dv72UWsREOvX4Zg4mJjrpoyDxdgxxpiDotxqYBXMjXo=
github.com/layer5io/academy-theme v0.1.26 h1:bRt6Z5jFwZMEovRZDtceyOeUENjaFh0iIzqeGUlru7Y=
github.com/layer5io/academy-theme v0.1.26/go.mod h1:Dv72UWsREOvX4Zg4mJjrpoyDxdgxxpiDotxqYBXMjXo=
github.com/layer5io/academy-theme v0.1.27 h1:vVHBtZMOLJn9CbBG9iIcxxv6+TAmD3d7UusKH0a5KcE=
github.com/layer5io/academy-theme v0.1.27/go.mod h1:Dv72UWsREOvX4Zg4mJjrpoyDxdgxxpiDotxqYBXMjXo=
github.com/layer5io/exoscale-academy v0.4.0 h1:yC163yGQrvplEcGjrJmZRz5XHe+EknCkgfHlANuNn7Y=
github.com/layer5io/exoscale-academy v0.4.0/go.mod h1:mVXp2h/NImCJ5IvVfM8q4fq8qT3Qxc5OMTBhQw4mEZ8=
github.com/layer5io/exoscale-academy v0.4.1 h1:XA4nwObZPxabYjgxxg4Qk/v9nuhrNcEtcXIvQzHLppY=
github.com/layer5io/exoscale-academy v0.4.1/go.mod h1:61bAPmqE//ZpzqSkYUKOi8xb+bzp1EiqGIypkBFxtgE=
github.com/layer5io/exoscale-academy v0.4.3 h1:ybej05sWVwmpYfGv/Pk5omAjMUGqIwFPm0zu/oV/px8=
github.com/layer5io/exoscale-academy v0.4.3/go.mod h1:+v0DqA6/WzgfjsgGzV7eMih+0ZP5o4vj9XoKUQ2u5FU=
github.com/layer5io/exoscale-academy v0.4.4 h1:bIt9rxI40zrIeaeuW+07VamQz6MBgMkjj8bt0/wXUsQ=
github.com/layer5io/exoscale-academy v0.4.4/go.mod h1:+v0DqA6/WzgfjsgGzV7eMih+0ZP5o4vj9XoKUQ2u5FU=
github.com/layer5io/layer5-academy v0.2.2 h1:l6jAGtcntpHHz4BisUsHAJUD6ik0vKrnZO+ySlrkBAQ=
github.com/layer5io/layer5-academy v0.2.2/go.mod h1:oXzz2zG5re4qo8vuuuFKQwfpTtfXUIfGly4Wv4uqYh0=
github.com/layer5io/layer5-academy v0.2.4 h1:1RtR3hNyRS0XG+Nzlw6vG4YKBKAHz+sG+KYx3QO++Pg=
github.com/layer5io/layer5-academy v0.2.4/go.mod h1:8CvyTQ0/L/4tLWXdsLDqUbSCOLg5kelVKg5ALvDP5rk=
github.com/twbs/bootstrap v5.3.7+incompatible h1:ea1W8TOWZFkqSK2M0McpgzLiUQVru3bz8aHb0j/XtuM=
github.com/twbs/bootstrap v5.3.7+incompatible/go.mod h1:fZTSrkpSf0/HkL0IIJzvVspTt1r9zuf7XlZau8kpcY0=
