github.com/FortAwesome/Font-Awesome v0.0.0-20241216213156-af620534bfc3 h1:/iluJkJiyTAdnqrw3Yi9rH2HNHhrrtCmj8VJe7I6o3w=
github.com/FortAwesome/Font-Awesome v0.0.0-20241216213156-af620534bfc3/go.mod h1:IUgezN/MFpCDIlFezw3L8j83oeiIuYoj28Miwr/KUYo=
github.com/layer5io/academy-theme v0.2.8 h1:iJmAQM5jGLbpSyOAgKOpaAX6GE8AuqOz6Jm/jkqQo4g=
github.com/layer5io/academy-theme v0.2.8/go.mod h1:Dv72UWsREOvX4Zg4mJjrpoyDxdgxxpiDotxqYBXMjXo=
github.com/layer5io/academy-theme v0.3.0 h1:kDLXZXiiLMH23TY0HCDVa064XHVkxLsbaS9eRohR03k=
github.com/layer5io/academy-theme v0.3.0/go.mod h1:Dv72UWsREOvX4Zg4mJjrpoyDxdgxxpiDotxqYBXMjXo=
github.com/layer5io/digitalocean-academy v0.0.0-20250811164829-9c9fe0d0fb30 h1:uOYEZhHFszNjb0ceanoSk118T+6KAFcTopZGYNSVLeQ=
github.com/layer5io/digitalocean-academy v0.0.0-20250811164829-9c9fe0d0fb30/go.mod h1:HwJAxS+mg1K33NKaDIngdVhya6+GPAraeTyi6g+4268=
github.com/layer5io/digitalocean-academy v0.1.1 h1:cYIV8WZGCUHxrEg1NtXtqIhvQuWVbvlGmzl6knsS6So=
github.com/layer5io/digitalocean-academy v0.1.1/go.mod h1:HwJAxS+mg1K33NKaDIngdVhya6+GPAraeTyi6g+4268=
github.com/layer5io/digitalocean-academy v0.1.2 h1:30eSRmqoNNsW72DpaNcOEEG3aZKl8QnGi44ZFd0sllU=
github.com/layer5io/digitalocean-academy v0.1.2/go.mod h1:mU1UGptxC+nnLu4bTJzNCKLaXw+dBHz5XCesyTipViA=
github.com/layer5io/exoscale-academy v0.6.5 h1:ZC36fwf/AwaTLdCLsBcj0rafpDCfhf9UObUid5y7G2I=
github.com/layer5io/exoscale-academy v0.6.5/go.mod h1:Plyt2oY6ptY2b/m0B3LthZ5yF62lsEz4iXuSiaZy+kE=
github.com/layer5io/exoscale-academy v0.6.6 h1:JLxXBDas9dQNTqga9nfknnWsH1HmOF+hBSER4E0BEOU=
github.com/layer5io/exoscale-academy v0.6.6/go.mod h1:Plyt2oY6ptY2b/m0B3LthZ5yF62lsEz4iXuSiaZy+kE=
github.com/layer5io/exoscale-academy v0.6.7 h1:aV04XZmNaQ6h0VYROgkH6HANzO00ZSoPRTn2GyfYejg=
github.com/layer5io/exoscale-academy v0.6.7/go.mod h1:Plyt2oY6ptY2b/m0B3LthZ5yF62lsEz4iXuSiaZy+kE=
github.com/layer5io/exoscale-academy v0.6.8 h1:od2r3QdzKBO2RvnyYmEM89AWNmqh60333QViuGohhNk=
github.com/layer5io/exoscale-academy v0.6.8/go.mod h1:Plyt2oY6ptY2b/m0B3LthZ5yF62lsEz4iXuSiaZy+kE=
github.com/layer5io/layer5-academy v0.4.1 h1:I7Ggh8DAtR8CmVxRV9CBMB0JrHLaALvjwTYFtPposUI=
github.com/layer5io/layer5-academy v0.4.1/go.mod h1:4WqhzGQQN6veMumx/IUXi6T9YEvtsP9qUxPLuGCq8mY=
github.com/layer5io/layer5-academy v0.4.2 h1:x0K2dtREBq8OUenbfjVYog6nscDL59oLhIXL3YLy0SQ=
github.com/layer5io/layer5-academy v0.4.2/go.mod h1:4WqhzGQQN6veMumx/IUXi6T9YEvtsP9qUxPLuGCq8mY=
github.com/twbs/bootstrap v5.3.7+incompatible h1:ea1W8TOWZFkqSK2M0McpgzLiUQVru3bz8aHb0j/XtuM=
github.com/twbs/bootstrap v5.3.7+incompatible/go.mod h1:fZTSrkpSf0/HkL0IIJzvVspTt1r9zuf7XlZau8kpcY0=
