github.com/FortAwesome/Font-Awesome v0.0.0-20241216213156-af620534bfc3 h1:/iluJkJiyTAdnqrw3Yi9rH2HNHhrrtCmj8VJe7I6o3w=
github.com/FortAwesome/Font-Awesome v0.0.0-20241216213156-af620534bfc3/go.mod h1:IUgezN/MFpCDIlFezw3L8j83oeiIuYoj28Miwr/KUYo=
github.com/FortAwesome/Font-Awesome v4.7.0+incompatible h1:3trjm7NtX5NXlju1AxSWSzedDMq2hsfH78Qtqrc8EgY=
github.com/FortAwesome/Font-Awesome v4.7.0+incompatible/go.mod h1:IUgezN/MFpCDIlFezw3L8j83oeiIuYoj28Miwr/KUYo=
github.com/google/docsy v0.12.0/go.mod h1:1bioDqA493neyFesaTvQ9reV0V2vYy+xUAnlnz7+miM=
github.com/layer5io/academy-theme v0.1.15/go.mod h1:kAidN16xIX6Dx2TBz7y0u3DeU8UnfUcoQZ/rVogXN80=
github.com/layer5io/academy-theme v0.1.19 h1:X2BiWBGRi83lzQkXfz1DNKF5bgrxmj1raZYSxebB84Q=
github.com/layer5io/academy-theme v0.1.19/go.mod h1:Dv72UWsREOvX4Zg4mJjrpoyDxdgxxpiDotxqYBXMjXo=
github.com/layer5io/exoscale-academy v0.3.7 h1:pk0d4cahGUJVSPATGltuMksqEe38DaLB9ikrMXy629U=
github.com/layer5io/exoscale-academy v0.3.7/go.mod h1:5UDX9hXqKw2xBwFt5uY2lV1eMKuIPY0eDsMvPX9Jkt4=
github.com/layer5io/hugo-academy-theme v0.0.0-20250715053027-36f46b5c4741/go.mod h1:Kp2xgJUAqGztDN/j6T30ApwSaK1Yxs1IvrSgOoRFKnI=
github.com/layer5io/layer5-academy v0.1.10 h1:DY9aDc4WCXoIKZHUgpWYX1xqzel6gKbuEk7dg9MkyFM=
github.com/layer5io/layer5-academy v0.1.10/go.mod h1:4TFQzqags5gs+2Ljv3wc05ec/YxBo+38ilrNcWTHPcQ=
github.com/twbs/bootstrap v5.3.6+incompatible/go.mod h1:fZTSrkpSf0/HkL0IIJzvVspTt1r9zuf7XlZau8kpcY0=
github.com/twbs/bootstrap v5.3.7+incompatible h1:ea1W8TOWZFkqSK2M0McpgzLiUQVru3bz8aHb0j/XtuM=
github.com/twbs/bootstrap v5.3.7+incompatible/go.mod h1:fZTSrkpSf0/HkL0IIJzvVspTt1r9zuf7XlZau8kpcY0=
